
Microsoft Visual Studio Solution File, Format Version 12.00
# Visual Studio Version 16
VisualStudioVersion = 16.0.31025.194
MinimumVisualStudioVersion = 10.0.40219.1
Project("{9A19103F-16F7-4668-BE54-9A1E7A4F7556}") = "WebExtension.Net.Generator", "src\WebExtension.Net.Generator\WebExtension.Net.Generator.csproj", "{195216E0-B4BF-4058-AF5E-5F6ECA4634EC}"
EndProject
Project("{9A19103F-16F7-4668-BE54-9A1E7A4F7556}") = "WebExtension.Net", "src\WebExtension.Net\WebExtension.Net.csproj", "{F84448CE-50BD-41BA-A49D-87F6CB4AF130}"
EndProject
Project("{2150E333-8FDC-42A3-9474-1A3956D46DE8}") = "Solution Items", "Solution Items", "{36C5C454-9F2E-4505-B08D-452DED9D18F0}"
	ProjectSection(SolutionItems) = preProject
		.gitignore = .gitignore
		CONTRIBUTING.md = CONTRIBUTING.md
		GitVersion.yml = GitVersion.yml
		LICENSE = LICENSE
		README.md = README.md
	EndProjectSection
EndProject
Project("{2150E333-8FDC-42A3-9474-1A3956D46DE8}") = "workflows", "workflows", "{790DED5B-7057-4D11-BD7D-79AFA689C68E}"
	ProjectSection(SolutionItems) = preProject
		.github\workflows\WebExtension.Net-Build.yml = .github\workflows\WebExtension.Net-Build.yml
		.github\workflows\WebExtension.Net-Release.yml = .github\workflows\WebExtension.Net-Release.yml
	EndProjectSection
EndProject
Project("{2150E333-8FDC-42A3-9474-1A3956D46DE8}") = "test", "test", "{402C7B21-F25A-4EB2-AAAE-A8F827CD0ED4}"
EndProject
Project("{9A19103F-16F7-4668-BE54-9A1E7A4F7556}") = "WebExtension.Net.BrowserExtensionIntegrationTest", "test\WebExtension.Net.BrowserExtensionIntegrationTest\WebExtension.Net.BrowserExtensionIntegrationTest.csproj", "{C8382E8F-80E4-4EA5-B64E-D8AD46D84F90}"
EndProject
Project("{9A19103F-16F7-4668-BE54-9A1E7A4F7556}") = "WebExtension.Net.IntegrationTestsRunner", "test\WebExtension.Net.IntegrationTestsRunner\WebExtension.Net.IntegrationTestsRunner.csproj", "{6F6D0020-DE47-47F5-8D85-25A4D328B0A1}"
EndProject
Project("{2150E333-8FDC-42A3-9474-1A3956D46DE8}") = "src", "src", "{37728F80-FC95-4451-B92C-3D915C0D11B6}"
EndProject
Global
	GlobalSection(SolutionConfigurationPlatforms) = preSolution
		Debug|Any CPU = Debug|Any CPU
		Release|Any CPU = Release|Any CPU
	EndGlobalSection
	GlobalSection(ProjectConfigurationPlatforms) = postSolution
		{195216E0-B4BF-4058-AF5E-5F6ECA4634EC}.Debug|Any CPU.ActiveCfg = Debug|Any CPU
		{195216E0-B4BF-4058-AF5E-5F6ECA4634EC}.Debug|Any CPU.Build.0 = Debug|Any CPU
		{195216E0-B4BF-4058-AF5E-5F6ECA4634EC}.Release|Any CPU.ActiveCfg = Release|Any CPU
		{195216E0-B4BF-4058-AF5E-5F6ECA4634EC}.Release|Any CPU.Build.0 = Release|Any CPU
		{F84448CE-50BD-41BA-A49D-87F6CB4AF130}.Debug|Any CPU.ActiveCfg = Debug|Any CPU
		{F84448CE-50BD-41BA-A49D-87F6CB4AF130}.Debug|Any CPU.Build.0 = Debug|Any CPU
		{F84448CE-50BD-41BA-A49D-87F6CB4AF130}.Release|Any CPU.ActiveCfg = Release|Any CPU
		{F84448CE-50BD-41BA-A49D-87F6CB4AF130}.Release|Any CPU.Build.0 = Release|Any CPU
		{C8382E8F-80E4-4EA5-B64E-D8AD46D84F90}.Debug|Any CPU.ActiveCfg = Debug|Any CPU
		{C8382E8F-80E4-4EA5-B64E-D8AD46D84F90}.Debug|Any CPU.Build.0 = Debug|Any CPU
		{C8382E8F-80E4-4EA5-B64E-D8AD46D84F90}.Release|Any CPU.ActiveCfg = Release|Any CPU
		{C8382E8F-80E4-4EA5-B64E-D8AD46D84F90}.Release|Any CPU.Build.0 = Release|Any CPU
		{6F6D0020-DE47-47F5-8D85-25A4D328B0A1}.Debug|Any CPU.ActiveCfg = Debug|Any CPU
		{6F6D0020-DE47-47F5-8D85-25A4D328B0A1}.Debug|Any CPU.Build.0 = Debug|Any CPU
		{6F6D0020-DE47-47F5-8D85-25A4D328B0A1}.Release|Any CPU.ActiveCfg = Release|Any CPU
		{6F6D0020-DE47-47F5-8D85-25A4D328B0A1}.Release|Any CPU.Build.0 = Release|Any CPU
	EndGlobalSection
	GlobalSection(SolutionProperties) = preSolution
		HideSolutionNode = FALSE
	EndGlobalSection
	GlobalSection(NestedProjects) = preSolution
		{195216E0-B4BF-4058-AF5E-5F6ECA4634EC} = {37728F80-FC95-4451-B92C-3D915C0D11B6}
		{F84448CE-50BD-41BA-A49D-87F6CB4AF130} = {37728F80-FC95-4451-B92C-3D915C0D11B6}
		{C8382E8F-80E4-4EA5-B64E-D8AD46D84F90} = {402C7B21-F25A-4EB2-AAAE-A8F827CD0ED4}
		{6F6D0020-DE47-47F5-8D85-25A4D328B0A1} = {402C7B21-F25A-4EB2-AAAE-A8F827CD0ED4}
	EndGlobalSection
	GlobalSection(ExtensibilityGlobals) = postSolution
		SolutionGuid = {500E229A-A512-45E3-B66E-46EB228929D3}
	EndGlobalSection
EndGlobal
